
Microsoft Visual Studio Solution File, Format Version 12.00
# Visual Studio Version 17
VisualStudioVersion = 17.1.32421.90
MinimumVisualStudioVersion = 10.0.40219.1
Project("{FAE04EC0-301F-11D3-BF4B-00C04F79EFBC}") = "DESAFIOII", "DESAFIOII\DESAFIOII.csproj", "{FFCF17DD-225E-40C8-ACC1-A9A7E1EBB385}"
EndProject
Global
	GlobalSection(SolutionConfigurationPlatforms) = preSolution
		Debug|Any CPU = Debug|Any CPU
		Release|Any CPU = Release|Any CPU
	EndGlobalSection
	GlobalSection(ProjectConfigurationPlatforms) = postSolution
		{FFCF17DD-225E-40C8-ACC1-A9A7E1EBB385}.Debug|Any CPU.ActiveCfg = Debug|Any CPU
		{FFCF17DD-225E-40C8-ACC1-A9A7E1EBB385}.Debug|Any CPU.Build.0 = Debug|Any CPU
		{FFCF17DD-225E-40C8-ACC1-A9A7E1EBB385}.Release|Any CPU.ActiveCfg = Release|Any CPU
		{FFCF17DD-225E-40C8-ACC1-A9A7E1EBB385}.Release|Any CPU.Build.0 = Release|Any CPU
	EndGlobalSection
	GlobalSection(SolutionProperties) = preSolution
		HideSolutionNode = FALSE
	EndGlobalSection
	GlobalSection(ExtensibilityGlobals) = postSolution
		SolutionGuid = {B8B5F90A-3A36-44F0-B03A-41A3BC1DC63D}
	EndGlobalSection
EndGlobal
